
Microsoft Visual Studio Solution File, Format Version 12.00
# Visual Studio 14
VisualStudioVersion = 14.0.25420.1
MinimumVisualStudioVersion = 10.0.40219.1
Project("{FAE04EC0-301F-11D3-BF4B-00C04F79EFBC}") = "SNAP", "SNAP\SNAP.csproj", "{256DC2FC-075F-46EB-BA64-B19A2AF2A1E8}"
EndProject
Project("{FAE04EC0-301F-11D3-BF4B-00C04F79EFBC}") = "SDQ", "SDQ\SDQ.csproj", "{89DC1B2E-D389-4EA4-A00E-C7BEC84B60A3}"
EndProject
Project("{FAE04EC0-301F-11D3-BF4B-00C04F79EFBC}") = "Toolkit", "Toolkit\Toolkit.csproj", "{E50DCCE2-9EF9-44C1-8CCD-750BBDE4465C}"
EndProject
Project("{FAE04EC0-301F-11D3-BF4B-00C04F79EFBC}") = "Testing", "Testing\Testing.csproj", "{72108A42-3A05-4DD3-953E-EE37033272A0}"
EndProject
Project("{FAE04EC0-301F-11D3-BF4B-00C04F79EFBC}") = "Txt2Csv", "Txt2Csv\Txt2Csv.csproj", "{6F40ABCF-FEAF-4C7C-870C-510070AE63F9}"
EndProject
Global
	GlobalSection(SolutionConfigurationPlatforms) = preSolution
		Debug|Any CPU = Debug|Any CPU
		Release|Any CPU = Release|Any CPU
	EndGlobalSection
	GlobalSection(ProjectConfigurationPlatforms) = postSolution
		{256DC2FC-075F-46EB-BA64-B19A2AF2A1E8}.Debug|Any CPU.ActiveCfg = Debug|Any CPU
		{256DC2FC-075F-46EB-BA64-B19A2AF2A1E8}.Debug|Any CPU.Build.0 = Debug|Any CPU
		{256DC2FC-075F-46EB-BA64-B19A2AF2A1E8}.Release|Any CPU.ActiveCfg = Release|Any CPU
		{256DC2FC-075F-46EB-BA64-B19A2AF2A1E8}.Release|Any CPU.Build.0 = Release|Any CPU
		{89DC1B2E-D389-4EA4-A00E-C7BEC84B60A3}.Debug|Any CPU.ActiveCfg = Debug|Any CPU
		{89DC1B2E-D389-4EA4-A00E-C7BEC84B60A3}.Debug|Any CPU.Build.0 = Debug|Any CPU
		{89DC1B2E-D389-4EA4-A00E-C7BEC84B60A3}.Release|Any CPU.ActiveCfg = Release|Any CPU
		{89DC1B2E-D389-4EA4-A00E-C7BEC84B60A3}.Release|Any CPU.Build.0 = Release|Any CPU
		{E50DCCE2-9EF9-44C1-8CCD-750BBDE4465C}.Debug|Any CPU.ActiveCfg = Debug|Any CPU
		{E50DCCE2-9EF9-44C1-8CCD-750BBDE4465C}.Debug|Any CPU.Build.0 = Debug|Any CPU
		{E50DCCE2-9EF9-44C1-8CCD-750BBDE4465C}.Release|Any CPU.ActiveCfg = Release|Any CPU
		{E50DCCE2-9EF9-44C1-8CCD-750BBDE4465C}.Release|Any CPU.Build.0 = Release|Any CPU
		{72108A42-3A05-4DD3-953E-EE37033272A0}.Debug|Any CPU.ActiveCfg = Debug|Any CPU
		{72108A42-3A05-4DD3-953E-EE37033272A0}.Debug|Any CPU.Build.0 = Debug|Any CPU
		{72108A42-3A05-4DD3-953E-EE37033272A0}.Release|Any CPU.ActiveCfg = Release|Any CPU
		{72108A42-3A05-4DD3-953E-EE37033272A0}.Release|Any CPU.Build.0 = Release|Any CPU
		{6F40ABCF-FEAF-4C7C-870C-510070AE63F9}.Debug|Any CPU.ActiveCfg = Debug|Any CPU
		{6F40ABCF-FEAF-4C7C-870C-510070AE63F9}.Debug|Any CPU.Build.0 = Debug|Any CPU
		{6F40ABCF-FEAF-4C7C-870C-510070AE63F9}.Release|Any CPU.ActiveCfg = Release|Any CPU
		{6F40ABCF-FEAF-4C7C-870C-510070AE63F9}.Release|Any CPU.Build.0 = Release|Any CPU
	EndGlobalSection
	GlobalSection(SolutionProperties) = preSolution
		HideSolutionNode = FALSE
	EndGlobalSection
EndGlobal
